// !$*UTF8*$!
{
	archiveVersion = 1;
	classes = {
	};
	objectVersion = 48;
	objects = {

/* Begin PBXBuildFile section */
		569A84BF1FE2F79300E9C038 /* GoogleAnalytics.framework in Frameworks */ = {isa = PBXBuildFile; fileRef = 569A84BE1FE2F79300E9C038 /* GoogleAnalytics.framework */; };
		56E878D01FE07CB900CF9F8D /* AppDelegate.swift in Sources */ = {isa = PBXBuildFile; fileRef = 56E878CF1FE07CB900CF9F8D /* AppDelegate.swift */; };
		56E878D21FE07CB900CF9F8D /* ViewController.swift in Sources */ = {isa = PBXBuildFile; fileRef = 56E878D11FE07CB900CF9F8D /* ViewController.swift */; };
		56E878D51FE07CB900CF9F8D /* Main.storyboard in Resources */ = {isa = PBXBuildFile; fileRef = 56E878D31FE07CB900CF9F8D /* Main.storyboard */; };
		56E878D71FE07CB900CF9F8D /* Assets.xcassets in Resources */ = {isa = PBXBuildFile; fileRef = 56E878D61FE07CB900CF9F8D /* Assets.xcassets */; };
		56E878DA1FE07CB900CF9F8D /* LaunchScreen.storyboard in Resources */ = {isa = PBXBuildFile; fileRef = 56E878D81FE07CB900CF9F8D /* LaunchScreen.storyboard */; };
		56E878E51FE07CB900CF9F8D /* SampleDependencyAppTests.swift in Sources */ = {isa = PBXBuildFile; fileRef = 56E878E41FE07CB900CF9F8D /* SampleDependencyAppTests.swift */; };
		56E878F01FE07CB900CF9F8D /* SampleDependencyAppUITests.swift in Sources */ = {isa = PBXBuildFile; fileRef = 56E878EF1FE07CB900CF9F8D /* SampleDependencyAppUITests.swift */; };
/* End PBXBuildFile section */

/* Begin PBXContainerItemProxy section */
		56E878E11FE07CB900CF9F8D /* PBXContainerItemProxy */ = {
			isa = PBXContainerItemProxy;
			containerPortal = 56E878C41FE07CB900CF9F8D /* Project object */;
			proxyType = 1;
			remoteGlobalIDString = 56E878CB1FE07CB900CF9F8D;
			remoteInfo = SampleDependencyApp;
		};
		56E878EC1FE07CB900CF9F8D /* PBXContainerItemProxy */ = {
			isa = PBXContainerItemProxy;
			containerPortal = 56E878C41FE07CB900CF9F8D /* Project object */;
			proxyType = 1;
			remoteGlobalIDString = 56E878CB1FE07CB900CF9F8D;
			remoteInfo = SampleDependencyApp;
		};
/* End PBXContainerItemProxy section */

/* Begin PBXCopyFilesBuildPhase section */
		56C710BC1FE1DE18001EEEA2 /* Embed Frameworks */ = {
			isa = PBXCopyFilesBuildPhase;
			buildActionMask = 2147483647;
			dstPath = "";
			dstSubfolderSpec = 10;
			files = (
			);
			name = "Embed Frameworks";
			runOnlyForDeploymentPostprocessing = 0;
		};
/* End PBXCopyFilesBuildPhase section */

/* Begin PBXFileReference section */
		569A84BE1FE2F79300E9C038 /* GoogleAnalytics.framework */ = {isa = PBXFileReference; lastKnownFileType = wrapper.framework; name = GoogleAnalytics.framework; path = ../SampleDependencySDK/Carthage/Build/iOS/GoogleAnalytics.framework; sourceTree = "<group>"; };
		56B0DB591FE0C9040009117E /* SampleDependencyApp-Bridging-Header.h */ = {isa = PBXFileReference; lastKnownFileType = sourcecode.c.h; path = "SampleDependencyApp-Bridging-Header.h"; sourceTree = "<group>"; };
		56E878CC1FE07CB900CF9F8D /* SampleDependencyApp.app */ = {isa = PBXFileReference; explicitFileType = wrapper.application; includeInIndex = 0; path = SampleDependencyApp.app; sourceTree = BUILT_PRODUCTS_DIR; };
		56E878CF1FE07CB900CF9F8D /* AppDelegate.swift */ = {isa = PBXFileReference; lastKnownFileType = sourcecode.swift; path = AppDelegate.swift; sourceTree = "<group>"; };
		56E878D11FE07CB900CF9F8D /* ViewController.swift */ = {isa = PBXFileReference; lastKnownFileType = sourcecode.swift; path = ViewController.swift; sourceTree = "<group>"; };
		56E878D41FE07CB900CF9F8D /* Base */ = {isa = PBXFileReference; lastKnownFileType = file.storyboard; name = Base; path = Base.lproj/Main.storyboard; sourceTree = "<group>"; };
		56E878D61FE07CB900CF9F8D /* Assets.xcassets */ = {isa = PBXFileReference; lastKnownFileType = folder.assetcatalog; path = Assets.xcassets; sourceTree = "<group>"; };
		56E878D91FE07CB900CF9F8D /* Base */ = {isa = PBXFileReference; lastKnownFileType = file.storyboard; name = Base; path = Base.lproj/LaunchScreen.storyboard; sourceTree = "<group>"; };
		56E878DB1FE07CB900CF9F8D /* Info.plist */ = {isa = PBXFileReference; lastKnownFileType = text.plist.xml; path = Info.plist; sourceTree = "<group>"; };
		56E878E01FE07CB900CF9F8D /* SampleDependencyAppTests.xctest */ = {isa = PBXFileReference; explicitFileType = wrapper.cfbundle; includeInIndex = 0; path = SampleDependencyAppTests.xctest; sourceTree = BUILT_PRODUCTS_DIR; };
		56E878E41FE07CB900CF9F8D /* SampleDependencyAppTests.swift */ = {isa = PBXFileReference; lastKnownFileType = sourcecode.swift; path = SampleDependencyAppTests.swift; sourceTree = "<group>"; };
		56E878E61FE07CB900CF9F8D /* Info.plist */ = {isa = PBXFileReference; lastKnownFileType = text.plist.xml; path = Info.plist; sourceTree = "<group>"; };
		56E878EB1FE07CB900CF9F8D /* SampleDependencyAppUITests.xctest */ = {isa = PBXFileReference; explicitFileType = wrapper.cfbundle; includeInIndex = 0; path = SampleDependencyAppUITests.xctest; sourceTree = BUILT_PRODUCTS_DIR; };
		56E878EF1FE07CB900CF9F8D /* SampleDependencyAppUITests.swift */ = {isa = PBXFileReference; lastKnownFileType = sourcecode.swift; path = SampleDependencyAppUITests.swift; sourceTree = "<group>"; };
		56E878F11FE07CB900CF9F8D /* Info.plist */ = {isa = PBXFileReference; lastKnownFileType = text.plist.xml; path = Info.plist; sourceTree = "<group>"; };
/* End PBXFileReference section */

/* Begin PBXFrameworksBuildPhase section */
		56E878C91FE07CB900CF9F8D /* Frameworks */ = {
			isa = PBXFrameworksBuildPhase;
			buildActionMask = 2147483647;
			files = (
				569A84BF1FE2F79300E9C038 /* GoogleAnalytics.framework in Frameworks */,
			);
			runOnlyForDeploymentPostprocessing = 0;
		};
		56E878DD1FE07CB900CF9F8D /* Frameworks */ = {
			isa = PBXFrameworksBuildPhase;
			buildActionMask = 2147483647;
			files = (
			);
			runOnlyForDeploymentPostprocessing = 0;
		};
		56E878E81FE07CB900CF9F8D /* Frameworks */ = {
			isa = PBXFrameworksBuildPhase;
			buildActionMask = 2147483647;
			files = (
			);
			runOnlyForDeploymentPostprocessing = 0;
		};
/* End PBXFrameworksBuildPhase section */

/* Begin PBXGroup section */
		569A84BD1FE2F79300E9C038 /* Frameworks */ = {
			isa = PBXGroup;
			children = (
				569A84BE1FE2F79300E9C038 /* GoogleAnalytics.framework */,
			);
			name = Frameworks;
			sourceTree = "<group>";
		};
		56E878C31FE07CB900CF9F8D = {
			isa = PBXGroup;
			children = (
				56E878CE1FE07CB900CF9F8D /* SampleDependencyApp */,
				56E878E31FE07CB900CF9F8D /* SampleDependencyAppTests */,
				56E878EE1FE07CB900CF9F8D /* SampleDependencyAppUITests */,
				56E878CD1FE07CB900CF9F8D /* Products */,
				569A84BD1FE2F79300E9C038 /* Frameworks */,
			);
			sourceTree = "<group>";
		};
		56E878CD1FE07CB900CF9F8D /* Products */ = {
			isa = PBXGroup;
			children = (
				56E878CC1FE07CB900CF9F8D /* SampleDependencyApp.app */,
				56E878E01FE07CB900CF9F8D /* SampleDependencyAppTests.xctest */,
				56E878EB1FE07CB900CF9F8D /* SampleDependencyAppUITests.xctest */,
			);
			name = Products;
			sourceTree = "<group>";
		};
		56E878CE1FE07CB900CF9F8D /* SampleDependencyApp */ = {
			isa = PBXGroup;
			children = (
				56E878CF1FE07CB900CF9F8D /* AppDelegate.swift */,
				56E878D11FE07CB900CF9F8D /* ViewController.swift */,
				56E878D31FE07CB900CF9F8D /* Main.storyboard */,
				56E878D61FE07CB900CF9F8D /* Assets.xcassets */,
				56E878D81FE07CB900CF9F8D /* LaunchScreen.storyboard */,
				56E878DB1FE07CB900CF9F8D /* Info.plist */,
				56B0DB591FE0C9040009117E /* SampleDependencyApp-Bridging-Header.h */,
			);
			path = SampleDependencyApp;
			sourceTree = "<group>";
		};
		56E878E31FE07CB900CF9F8D /* SampleDependencyAppTests */ = {
			isa = PBXGroup;
			children = (
				56E878E41FE07CB900CF9F8D /* SampleDependencyAppTests.swift */,
				56E878E61FE07CB900CF9F8D /* Info.plist */,
			);
			path = SampleDependencyAppTests;
			sourceTree = "<group>";
		};
		56E878EE1FE07CB900CF9F8D /* SampleDependencyAppUITests */ = {
			isa = PBXGroup;
			children = (
				56E878EF1FE07CB900CF9F8D /* SampleDependencyAppUITests.swift */,
				56E878F11FE07CB900CF9F8D /* Info.plist */,
			);
			path = SampleDependencyAppUITests;
			sourceTree = "<group>";
		};
/* End PBXGroup section */

/* Begin PBXNativeTarget section */
		56E878CB1FE07CB900CF9F8D /* SampleDependencyApp */ = {
			isa = PBXNativeTarget;
			buildConfigurationList = 56E878F41FE07CB900CF9F8D /* Build configuration list for PBXNativeTarget "SampleDependencyApp" */;
			buildPhases = (
				56E878C81FE07CB900CF9F8D /* Sources */,
				56E878C91FE07CB900CF9F8D /* Frameworks */,
				56E878CA1FE07CB900CF9F8D /* Resources */,
				56C710BC1FE1DE18001EEEA2 /* Embed Frameworks */,
			);
			buildRules = (
			);
			dependencies = (
			);
			name = SampleDependencyApp;
			productName = SampleDependencyApp;
			productReference = 56E878CC1FE07CB900CF9F8D /* SampleDependencyApp.app */;
			productType = "com.apple.product-type.application";
		};
		56E878DF1FE07CB900CF9F8D /* SampleDependencyAppTests */ = {
			isa = PBXNativeTarget;
			buildConfigurationList = 56E878F71FE07CB900CF9F8D /* Build configuration list for PBXNativeTarget "SampleDependencyAppTests" */;
			buildPhases = (
				56E878DC1FE07CB900CF9F8D /* Sources */,
				56E878DD1FE07CB900CF9F8D /* Frameworks */,
				56E878DE1FE07CB900CF9F8D /* Resources */,
			);
			buildRules = (
			);
			dependencies = (
				56E878E21FE07CB900CF9F8D /* PBXTargetDependency */,
			);
			name = SampleDependencyAppTests;
			productName = SampleDependencyAppTests;
			productReference = 56E878E01FE07CB900CF9F8D /* SampleDependencyAppTests.xctest */;
			productType = "com.apple.product-type.bundle.unit-test";
		};
		56E878EA1FE07CB900CF9F8D /* SampleDependencyAppUITests */ = {
			isa = PBXNativeTarget;
			buildConfigurationList = 56E878FA1FE07CB900CF9F8D /* Build configuration list for PBXNativeTarget "SampleDependencyAppUITests" */;
			buildPhases = (
				56E878E71FE07CB900CF9F8D /* Sources */,
				56E878E81FE07CB900CF9F8D /* Frameworks */,
				56E878E91FE07CB900CF9F8D /* Resources */,
			);
			buildRules = (
			);
			dependencies = (
				56E878ED1FE07CB900CF9F8D /* PBXTargetDependency */,
			);
			name = SampleDependencyAppUITests;
			productName = SampleDependencyAppUITests;
			productReference = 56E878EB1FE07CB900CF9F8D /* SampleDependencyAppUITests.xctest */;
			productType = "com.apple.product-type.bundle.ui-testing";
		};
/* End PBXNativeTarget section */

/* Begin PBXProject section */
		56E878C41FE07CB900CF9F8D /* Project object */ = {
			isa = PBXProject;
			attributes = {
				LastSwiftUpdateCheck = 0910;
				LastUpgradeCheck = 0910;
				ORGANIZATIONNAME = "Jose Miguel Benedicto Ruiz";
				TargetAttributes = {
					56E878CB1FE07CB900CF9F8D = {
						CreatedOnToolsVersion = 9.1;
						ProvisioningStyle = Automatic;
					};
					56E878DF1FE07CB900CF9F8D = {
						CreatedOnToolsVersion = 9.1;
						ProvisioningStyle = Automatic;
						TestTargetID = 56E878CB1FE07CB900CF9F8D;
					};
					56E878EA1FE07CB900CF9F8D = {
						CreatedOnToolsVersion = 9.1;
						ProvisioningStyle = Automatic;
						TestTargetID = 56E878CB1FE07CB900CF9F8D;
					};
				};
			};
			buildConfigurationList = 56E878C71FE07CB900CF9F8D /* Build configuration list for PBXProject "SampleDependencyApp" */;
			compatibilityVersion = "Xcode 8.0";
			developmentRegion = en;
			hasScannedForEncodings = 0;
			knownRegions = (
				en,
				Base,
			);
			mainGroup = 56E878C31FE07CB900CF9F8D;
			productRefGroup = 56E878CD1FE07CB900CF9F8D /* Products */;
			projectDirPath = "";
			projectRoot = "";
			targets = (
				56E878CB1FE07CB900CF9F8D /* SampleDependencyApp */,
				56E878DF1FE07CB900CF9F8D /* SampleDependencyAppTests */,
				56E878EA1FE07CB900CF9F8D /* SampleDependencyAppUITests */,
			);
		};
/* End PBXProject section */

/* Begin PBXResourcesBuildPhase section */
		56E878CA1FE07CB900CF9F8D /* Resources */ = {
			isa = PBXResourcesBuildPhase;
			buildActionMask = 2147483647;
			files = (
				56E878DA1FE07CB900CF9F8D /* LaunchScreen.storyboard in Resources */,
				56E878D71FE07CB900CF9F8D /* Assets.xcassets in Resources */,
				56E878D51FE07CB900CF9F8D /* Main.storyboard in Resources */,
			);
			runOnlyForDeploymentPostprocessing = 0;
		};
		56E878DE1FE07CB900CF9F8D /* Resources */ = {
			isa = PBXResourcesBuildPhase;
			buildActionMask = 2147483647;
			files = (
			);
			runOnlyForDeploymentPostprocessing = 0;
		};
		56E878E91FE07CB900CF9F8D /* Resources */ = {
			isa = PBXResourcesBuildPhase;
			buildActionMask = 2147483647;
			files = (
			);
			runOnlyForDeploymentPostprocessing = 0;
		};
/* End PBXResourcesBuildPhase section */

/* Begin PBXSourcesBuildPhase section */
		56E878C81FE07CB900CF9F8D /* Sources */ = {
			isa = PBXSourcesBuildPhase;
			buildActionMask = 2147483647;
			files = (
				56E878D21FE07CB900CF9F8D /* ViewController.swift in Sources */,
				56E878D01FE07CB900CF9F8D /* AppDelegate.swift in Sources */,
			);
			runOnlyForDeploymentPostprocessing = 0;
		};
		56E878DC1FE07CB900CF9F8D /* Sources */ = {
			isa = PBXSourcesBuildPhase;
			buildActionMask = 2147483647;
			files = (
				56E878E51FE07CB900CF9F8D /* SampleDependencyAppTests.swift in Sources */,
			);
			runOnlyForDeploymentPostprocessing = 0;
		};
		56E878E71FE07CB900CF9F8D /* Sources */ = {
			isa = PBXSourcesBuildPhase;
			buildActionMask = 2147483647;
			files = (
				56E878F01FE07CB900CF9F8D /* SampleDependencyAppUITests.swift in Sources */,
			);
			runOnlyForDeploymentPostprocessing = 0;
		};
/* End PBXSourcesBuildPhase section */

/* Begin PBXTargetDependency section */
		56E878E21FE07CB900CF9F8D /* PBXTargetDependency */ = {
			isa = PBXTargetDependency;
			target = 56E878CB1FE07CB900CF9F8D /* SampleDependencyApp */;
			targetProxy = 56E878E11FE07CB900CF9F8D /* PBXContainerItemProxy */;
		};
		56E878ED1FE07CB900CF9F8D /* PBXTargetDependency */ = {
			isa = PBXTargetDependency;
			target = 56E878CB1FE07CB900CF9F8D /* SampleDependencyApp */;
			targetProxy = 56E878EC1FE07CB900CF9F8D /* PBXContainerItemProxy */;
		};
/* End PBXTargetDependency section */

/* Begin PBXVariantGroup section */
		56E878D31FE07CB900CF9F8D /* Main.storyboard */ = {
			isa = PBXVariantGroup;
			children = (
				56E878D41FE07CB900CF9F8D /* Base */,
			);
			name = Main.storyboard;
			sourceTree = "<group>";
		};
		56E878D81FE07CB900CF9F8D /* LaunchScreen.storyboard */ = {
			isa = PBXVariantGroup;
			children = (
				56E878D91FE07CB900CF9F8D /* Base */,
			);
			name = LaunchScreen.storyboard;
			sourceTree = "<group>";
		};
/* End PBXVariantGroup section */

/* Begin XCBuildConfiguration section */
		56E878F21FE07CB900CF9F8D /* Debug */ = {
			isa = XCBuildConfiguration;
			buildSettings = {
				ALWAYS_SEARCH_USER_PATHS = NO;
				CLANG_ANALYZER_NONNULL = YES;
				CLANG_ANALYZER_NUMBER_OBJECT_CONVERSION = YES_AGGRESSIVE;
				CLANG_CXX_LANGUAGE_STANDARD = "gnu++14";
				CLANG_CXX_LIBRARY = "libc++";
				CLANG_ENABLE_MODULES = YES;
				CLANG_ENABLE_OBJC_ARC = YES;
				CLANG_WARN_BLOCK_CAPTURE_AUTORELEASING = YES;
				CLANG_WARN_BOOL_CONVERSION = YES;
				CLANG_WARN_COMMA = YES;
				CLANG_WARN_CONSTANT_CONVERSION = YES;
				CLANG_WARN_DIRECT_OBJC_ISA_USAGE = YES_ERROR;
				CLANG_WARN_DOCUMENTATION_COMMENTS = YES;
				CLANG_WARN_EMPTY_BODY = YES;
				CLANG_WARN_ENUM_CONVERSION = YES;
				CLANG_WARN_INFINITE_RECURSION = YES;
				CLANG_WARN_INT_CONVERSION = YES;
				CLANG_WARN_NON_LITERAL_NULL_CONVERSION = YES;
				CLANG_WARN_OBJC_LITERAL_CONVERSION = YES;
				CLANG_WARN_OBJC_ROOT_CLASS = YES_ERROR;
				CLANG_WARN_RANGE_LOOP_ANALYSIS = YES;
				CLANG_WARN_STRICT_PROTOTYPES = YES;
				CLANG_WARN_SUSPICIOUS_MOVE = YES;
				CLANG_WARN_UNGUARDED_AVAILABILITY = YES_AGGRESSIVE;
				CLANG_WARN_UNREACHABLE_CODE = YES;
				CLANG_WARN__DUPLICATE_METHOD_MATCH = YES;
				CODE_SIGN_IDENTITY = "iPhone Developer";
				COPY_PHASE_STRIP = NO;
				DEBUG_INFORMATION_FORMAT = dwarf;
				ENABLE_STRICT_OBJC_MSGSEND = YES;
				ENABLE_TESTABILITY = YES;
				GCC_C_LANGUAGE_STANDARD = gnu11;
				GCC_DYNAMIC_NO_PIC = NO;
				GCC_NO_COMMON_BLOCKS = YES;
				GCC_OPTIMIZATION_LEVEL = 0;
				GCC_PREPROCESSOR_DEFINITIONS = (
					"DEBUG=1",
					"$(inherited)",
				);
				GCC_WARN_64_TO_32_BIT_CONVERSION = YES;
				GCC_WARN_ABOUT_RETURN_TYPE = YES_ERROR;
				GCC_WARN_UNDECLARED_SELECTOR = YES;
				GCC_WARN_UNINITIALIZED_AUTOS = YES_AGGRESSIVE;
				GCC_WARN_UNUSED_FUNCTION = YES;
				GCC_WARN_UNUSED_VARIABLE = YES;
				IPHONEOS_DEPLOYMENT_TARGET = 9.3;
				MTL_ENABLE_DEBUG_INFO = YES;
				ONLY_ACTIVE_ARCH = YES;
				SDKROOT = iphoneos;
				SWIFT_ACTIVE_COMPILATION_CONDITIONS = DEBUG;
				SWIFT_OPTIMIZATION_LEVEL = "-Onone";
			};
			name = Debug;
		};
		56E878F31FE07CB900CF9F8D /* Release */ = {
			isa = XCBuildConfiguration;
			buildSettings = {
				ALWAYS_SEARCH_USER_PATHS = NO;
				CLANG_ANALYZER_NONNULL = YES;
				CLANG_ANALYZER_NUMBER_OBJECT_CONVERSION = YES_AGGRESSIVE;
				CLANG_CXX_LANGUAGE_STANDARD = "gnu++14";
				CLANG_CXX_LIBRARY = "libc++";
				CLANG_ENABLE_MODULES = YES;
				CLANG_ENABLE_OBJC_ARC = YES;
				CLANG_WARN_BLOCK_CAPTURE_AUTORELEASING = YES;
				CLANG_WARN_BOOL_CONVERSION = YES;
				CLANG_WARN_COMMA = YES;
				CLANG_WARN_CONSTANT_CONVERSION = YES;
				CLANG_WARN_DIRECT_OBJC_ISA_USAGE = YES_ERROR;
				CLANG_WARN_DOCUMENTATION_COMMENTS = YES;
				CLANG_WARN_EMPTY_BODY = YES;
				CLANG_WARN_ENUM_CONVERSION = YES;
				CLANG_WARN_INFINITE_RECURSION = YES;
				CLANG_WARN_INT_CONVERSION = YES;
				CLANG_WARN_NON_LITERAL_NULL_CONVERSION = YES;
				CLANG_WARN_OBJC_LITERAL_CONVERSION = YES;
				CLANG_WARN_OBJC_ROOT_CLASS = YES_ERROR;
				CLANG_WARN_RANGE_LOOP_ANALYSIS = YES;
				CLANG_WARN_STRICT_PROTOTYPES = YES;
				CLANG_WARN_SUSPICIOUS_MOVE = YES;
				CLANG_WARN_UNGUARDED_AVAILABILITY = YES_AGGRESSIVE;
				CLANG_WARN_UNREACHABLE_CODE = YES;
				CLANG_WARN__DUPLICATE_METHOD_MATCH = YES;
				CODE_SIGN_IDENTITY = "iPhone Developer";
				COPY_PHASE_STRIP = NO;
				DEBUG_INFORMATION_FORMAT = "dwarf-with-dsym";
				ENABLE_NS_ASSERTIONS = NO;
				ENABLE_STRICT_OBJC_MSGSEND = YES;
				GCC_C_LANGUAGE_STANDARD = gnu11;
				GCC_NO_COMMON_BLOCKS = YES;
				GCC_WARN_64_TO_32_BIT_CONVERSION = YES;
				GCC_WARN_ABOUT_RETURN_TYPE = YES_ERROR;
				GCC_WARN_UNDECLARED_SELECTOR = YES;
				GCC_WARN_UNINITIALIZED_AUTOS = YES_AGGRESSIVE;
				GCC_WARN_UNUSED_FUNCTION = YES;
				GCC_WARN_UNUSED_VARIABLE = YES;
				IPHONEOS_DEPLOYMENT_TARGET = 9.3;
				MTL_ENABLE_DEBUG_INFO = NO;
				SDKROOT = iphoneos;
				SWIFT_OPTIMIZATION_LEVEL = "-Owholemodule";
				VALIDATE_PRODUCT = YES;
			};
			name = Release;
		};
		56E878F51FE07CB900CF9F8D /* Debug */ = {
			isa = XCBuildConfiguration;
			buildSettings = {
				ASSETCATALOG_COMPILER_APPICON_NAME = AppIcon;
				CODE_SIGN_STYLE = Automatic;
				DEVELOPMENT_TEAM = TVBZ4E6WS5;
				FRAMEWORK_SEARCH_PATHS = (
					"$(inherited)",
					"$(PROJECT_DIR)/SampleDependencyApp",
					"$(PROJECT_DIR)",
					"$(SRCROOT)",
				);
				INFOPLIST_FILE = SampleDependencyApp/Info.plist;
				IPHONEOS_DEPLOYMENT_TARGET = 9.3;
				LD_RUNPATH_SEARCH_PATHS = "$(inherited) @executable_path/Frameworks";
				LIBRARY_SEARCH_PATHS = (
					"$(inherited)",
					"$(PROJECT_DIR)/Pods/GoogleAnalytics/Libraries",
				);
				PRODUCT_BUNDLE_IDENTIFIER = com.jmbene.SampleDependencyApp;
				PRODUCT_NAME = "$(TARGET_NAME)";
				SWIFT_OBJC_BRIDGING_HEADER = "SampleDependencyApp/SampleDependencyApp-Bridging-Header.h";
				SWIFT_VERSION = 4.0;
				TARGETED_DEVICE_FAMILY = "1,2";
			};
			name = Debug;
		};
		56E878F61FE07CB900CF9F8D /* Release */ = {
			isa = XCBuildConfiguration;
			buildSettings = {
				ASSETCATALOG_COMPILER_APPICON_NAME = AppIcon;
				CODE_SIGN_STYLE = Automatic;
				DEVELOPMENT_TEAM = TVBZ4E6WS5;
				FRAMEWORK_SEARCH_PATHS = (
					"$(inherited)",
					"$(PROJECT_DIR)/SampleDependencyApp",
					"$(PROJECT_DIR)",
					"$(SRCROOT)",
				);
				INFOPLIST_FILE = SampleDependencyApp/Info.plist;
				IPHONEOS_DEPLOYMENT_TARGET = 9.3;
				LD_RUNPATH_SEARCH_PATHS = "$(inherited) @executable_path/Frameworks";
				LIBRARY_SEARCH_PATHS = (
					"$(inherited)",
					"$(PROJECT_DIR)/Pods/GoogleAnalytics/Libraries",
				);
				PRODUCT_BUNDLE_IDENTIFIER = com.jmbene.SampleDependencyApp;
				PRODUCT_NAME = "$(TARGET_NAME)";
				SWIFT_OBJC_BRIDGING_HEADER = "SampleDependencyApp/SampleDependencyApp-Bridging-Header.h";
				SWIFT_VERSION = 4.0;
				TARGETED_DEVICE_FAMILY = "1,2";
			};
			name = Release;
		};
		56E878F81FE07CB900CF9F8D /* Debug */ = {
			isa = XCBuildConfiguration;
			buildSettings = {
				ALWAYS_EMBED_SWIFT_STANDARD_LIBRARIES = YES;
				BUNDLE_LOADER = "$(TEST_HOST)";
				CODE_SIGN_STYLE = Automatic;
				INFOPLIST_FILE = SampleDependencyAppTests/Info.plist;
				LD_RUNPATH_SEARCH_PATHS = "$(inherited) @executable_path/Frameworks @loader_path/Frameworks";
				PRODUCT_BUNDLE_IDENTIFIER = com.jmbene.SampleDependencyAppTests;
				PRODUCT_NAME = "$(TARGET_NAME)";
				SWIFT_VERSION = 4.0;
				TARGETED_DEVICE_FAMILY = "1,2";
				TEST_HOST = "$(BUILT_PRODUCTS_DIR)/SampleDependencyApp.app/SampleDependencyApp";
			};
			name = Debug;
		};
		56E878F91FE07CB900CF9F8D /* Release */ = {
			isa = XCBuildConfiguration;
			buildSettings = {
				ALWAYS_EMBED_SWIFT_STANDARD_LIBRARIES = YES;
				BUNDLE_LOADER = "$(TEST_HOST)";
				CODE_SIGN_STYLE = Automatic;
				INFOPLIST_FILE = SampleDependencyAppTests/Info.plist;
				LD_RUNPATH_SEARCH_PATHS = "$(inherited) @executable_path/Frameworks @loader_path/Frameworks";
				PRODUCT_BUNDLE_IDENTIFIER = com.jmbene.SampleDependencyAppTests;
				PRODUCT_NAME = "$(TARGET_NAME)";
				SWIFT_VERSION = 4.0;
				TARGETED_DEVICE_FAMILY = "1,2";
				TEST_HOST = "$(BUILT_PRODUCTS_DIR)/SampleDependencyApp.app/SampleDependencyApp";
			};
			name = Release;
		};
		56E878FB1FE07CB900CF9F8D /* Debug */ = {
			isa = XCBuildConfiguration;
			buildSettings = {
				ALWAYS_EMBED_SWIFT_STANDARD_LIBRARIES = YES;
				CODE_SIGN_STYLE = Automatic;
				INFOPLIST_FILE = SampleDependencyAppUITests/Info.plist;
				LD_RUNPATH_SEARCH_PATHS = "$(inherited) @executable_path/Frameworks @loader_path/Frameworks";
				PRODUCT_BUNDLE_IDENTIFIER = com.jmbene.SampleDependencyAppUITests;
				PRODUCT_NAME = "$(TARGET_NAME)";
				SWIFT_VERSION = 4.0;
				TARGETED_DEVICE_FAMILY = "1,2";
				TEST_TARGET_NAME = SampleDependencyApp;
			};
			name = Debug;
		};
		56E878FC1FE07CB900CF9F8D /* Release */ = {
			isa = XCBuildConfiguration;
			buildSettings = {
				ALWAYS_EMBED_SWIFT_STANDARD_LIBRARIES = YES;
				CODE_SIGN_STYLE = Automatic;
				INFOPLIST_FILE = SampleDependencyAppUITests/Info.plist;
				LD_RUNPATH_SEARCH_PATHS = "$(inherited) @executable_path/Frameworks @loader_path/Frameworks";
				PRODUCT_BUNDLE_IDENTIFIER = com.jmbene.SampleDependencyAppUITests;
				PRODUCT_NAME = "$(TARGET_NAME)";
				SWIFT_VERSION = 4.0;
				TARGETED_DEVICE_FAMILY = "1,2";
				TEST_TARGET_NAME = SampleDependencyApp;
			};
			name = Release;
		};
/* End XCBuildConfiguration section */

/* Begin XCConfigurationList section */
		56E878C71FE07CB900CF9F8D /* Build configuration list for PBXProject "SampleDependencyApp" */ = {
			isa = XCConfigurationList;
			buildConfigurations = (
				56E878F21FE07CB900CF9F8D /* Debug */,
				56E878F31FE07CB900CF9F8D /* Release */,
			);
			defaultConfigurationIsVisible = 0;
			defaultConfigurationName = Release;
		};
		56E878F41FE07CB900CF9F8D /* Build configuration list for PBXNativeTarget "SampleDependencyApp" */ = {
			isa = XCConfigurationList;
			buildConfigurations = (
				56E878F51FE07CB900CF9F8D /* Debug */,
				56E878F61FE07CB900CF9F8D /* Release */,
			);
			defaultConfigurationIsVisible = 0;
			defaultConfigurationName = Release;
		};
		56E878F71FE07CB900CF9F8D /* Build configuration list for PBXNativeTarget "SampleDependencyAppTests" */ = {
			isa = XCConfigurationList;
			buildConfigurations = (
				56E878F81FE07CB900CF9F8D /* Debug */,
				56E878F91FE07CB900CF9F8D /* Release */,
			);
			defaultConfigurationIsVisible = 0;
			defaultConfigurationName = Release;
		};
		56E878FA1FE07CB900CF9F8D /* Build configuration list for PBXNativeTarget "SampleDependencyAppUITests" */ = {
			isa = XCConfigurationList;
			buildConfigurations = (
				56E878FB1FE07CB900CF9F8D /* Debug */,
				56E878FC1FE07CB900CF9F8D /* Release */,
			);
			defaultConfigurationIsVisible = 0;
			defaultConfigurationName = Release;
		};
/* End XCConfigurationList section */
	};
	rootObject = 56E878C41FE07CB900CF9F8D /* Project object */;
}
